// !$*UTF8*$!
{
	archiveVersion = 1;
	classes = {
	};
	objectVersion = 60;
	objects = {

/* Begin PBXBuildFile section */
		EA8889C72C5F88F00044AC5C /* StudentbevisAppenApp.swift in Sources */ = {isa = PBXBuildFile; fileRef = EA8889C62C5F88F00044AC5C /* StudentbevisAppenApp.swift */; };
		EA8889C92C5F88F00044AC5C /* ContentView.swift in Sources */ = {isa = PBXBuildFile; fileRef = EA8889C82C5F88F00044AC5C /* ContentView.swift */; };
		EA8889CB2C5F88F30044AC5C /* Assets.xcassets in Resources */ = {isa = PBXBuildFile; fileRef = EA8889CA2C5F88F30044AC5C /* Assets.xcassets */; };
		EA8889CE2C5F88F30044AC5C /* Preview Assets.xcassets in Resources */ = {isa = PBXBuildFile; fileRef = EA8889CD2C5F88F30044AC5C /* Preview Assets.xcassets */; };
		EA8889D52C5F8CCB0044AC5C /* DropdownMenu.swift in Sources */ = {isa = PBXBuildFile; fileRef = EA8889D42C5F8CCB0044AC5C /* DropdownMenu.swift */; };
		EA8889D72C5F8D2D0044AC5C /* LoadingView.swift in Sources */ = {isa = PBXBuildFile; fileRef = EA8889D62C5F8D2D0044AC5C /* LoadingView.swift */; };
		EA8889D92C5F8D5B0044AC5C /* DropdownButton.swift in Sources */ = {isa = PBXBuildFile; fileRef = EA8889D82C5F8D5B0044AC5C /* DropdownButton.swift */; };
		EA8889DB2C5F8D8B0044AC5C /* InfoBox.swift in Sources */ = {isa = PBXBuildFile; fileRef = EA8889DA2C5F8D8B0044AC5C /* InfoBox.swift */; };
		EA8889DD2C5F8DAA0044AC5C /* LibraryCardView.swift in Sources */ = {isa = PBXBuildFile; fileRef = EA8889DC2C5F8DAA0044AC5C /* LibraryCardView.swift */; };
		EA8889DF2C5F8DD60044AC5C /* TermsView.swift in Sources */ = {isa = PBXBuildFile; fileRef = EA8889DE2C5F8DD60044AC5C /* TermsView.swift */; };
		EA8889E12C5F8E170044AC5C /* ValidIdView.swift in Sources */ = {isa = PBXBuildFile; fileRef = EA8889E02C5F8E170044AC5C /* ValidIdView.swift */; };
/* End PBXBuildFile section */

/* Begin PBXFileReference section */
		EA8889C32C5F88F00044AC5C /* StudentbevisAppen.app */ = {isa = PBXFileReference; explicitFileType = wrapper.application; includeInIndex = 0; path = StudentbevisAppen.app; sourceTree = BUILT_PRODUCTS_DIR; };
		EA8889C62C5F88F00044AC5C /* StudentbevisAppenApp.swift */ = {isa = PBXFileReference; lastKnownFileType = sourcecode.swift; path = StudentbevisAppenApp.swift; sourceTree = "<group>"; };
		EA8889C82C5F88F00044AC5C /* ContentView.swift */ = {isa = PBXFileReference; lastKnownFileType = sourcecode.swift; path = ContentView.swift; sourceTree = "<group>"; };
		EA8889CA2C5F88F30044AC5C /* Assets.xcassets */ = {isa = PBXFileReference; lastKnownFileType = folder.assetcatalog; path = Assets.xcassets; sourceTree = "<group>"; };
		EA8889CD2C5F88F30044AC5C /* Preview Assets.xcassets */ = {isa = PBXFileReference; lastKnownFileType = folder.assetcatalog; path = "Preview Assets.xcassets"; sourceTree = "<group>"; };
		EA8889D42C5F8CCB0044AC5C /* DropdownMenu.swift */ = {isa = PBXFileReference; lastKnownFileType = sourcecode.swift; path = DropdownMenu.swift; sourceTree = "<group>"; };
		EA8889D62C5F8D2D0044AC5C /* LoadingView.swift */ = {isa = PBXFileReference; lastKnownFileType = sourcecode.swift; path = LoadingView.swift; sourceTree = "<group>"; };
		EA8889D82C5F8D5B0044AC5C /* DropdownButton.swift */ = {isa = PBXFileReference; lastKnownFileType = sourcecode.swift; path = DropdownButton.swift; sourceTree = "<group>"; };
		EA8889DA2C5F8D8B0044AC5C /* InfoBox.swift */ = {isa = PBXFileReference; lastKnownFileType = sourcecode.swift; path = InfoBox.swift; sourceTree = "<group>"; };
		EA8889DC2C5F8DAA0044AC5C /* LibraryCardView.swift */ = {isa = PBXFileReference; lastKnownFileType = sourcecode.swift; path = LibraryCardView.swift; sourceTree = "<group>"; };
		EA8889DE2C5F8DD60044AC5C /* TermsView.swift */ = {isa = PBXFileReference; lastKnownFileType = sourcecode.swift; path = TermsView.swift; sourceTree = "<group>"; };
		EA8889E02C5F8E170044AC5C /* ValidIdView.swift */ = {isa = PBXFileReference; lastKnownFileType = sourcecode.swift; path = ValidIdView.swift; sourceTree = "<group>"; };
/* End PBXFileReference section */

/* Begin PBXFrameworksBuildPhase section */
		EA8889C02C5F88F00044AC5C /* Frameworks */ = {
			isa = PBXFrameworksBuildPhase;
			buildActionMask = 2147483647;
			files = (
			);
			runOnlyForDeploymentPostprocessing = 0;
		};
/* End PBXFrameworksBuildPhase section */

/* Begin PBXGroup section */
		EA8889BA2C5F88F00044AC5C = {
			isa = PBXGroup;
			children = (
				EA8889C52C5F88F00044AC5C /* StudentbevisAppen */,
				EA8889C42C5F88F00044AC5C /* Products */,
			);
			indentWidth = 2;
			sourceTree = "<group>";
		};
		EA8889C42C5F88F00044AC5C /* Products */ = {
			isa = PBXGroup;
			children = (
				EA8889C32C5F88F00044AC5C /* StudentbevisAppen.app */,
			);
			name = Products;
			sourceTree = "<group>";
		};
		EA8889C52C5F88F00044AC5C /* StudentbevisAppen */ = {
			isa = PBXGroup;
			children = (
				EA8889C62C5F88F00044AC5C /* StudentbevisAppenApp.swift */,
				EA8889C82C5F88F00044AC5C /* ContentView.swift */,
				EA8889D42C5F8CCB0044AC5C /* DropdownMenu.swift */,
				EA8889D62C5F8D2D0044AC5C /* LoadingView.swift */,
				EA8889D82C5F8D5B0044AC5C /* DropdownButton.swift */,
				EA8889DA2C5F8D8B0044AC5C /* InfoBox.swift */,
				EA8889DC2C5F8DAA0044AC5C /* LibraryCardView.swift */,
				EA8889DE2C5F8DD60044AC5C /* TermsView.swift */,
				EA8889E02C5F8E170044AC5C /* ValidIdView.swift */,
				EA8889CA2C5F88F30044AC5C /* Assets.xcassets */,
				EA8889CC2C5F88F30044AC5C /* Preview Content */,
			);
			path = StudentbevisAppen;
			sourceTree = "<group>";
		};
		EA8889CC2C5F88F30044AC5C /* Preview Content */ = {
			isa = PBXGroup;
			children = (
				EA8889CD2C5F88F30044AC5C /* Preview Assets.xcassets */,
			);
			path = "Preview Content";
			sourceTree = "<group>";
		};
/* End PBXGroup section */

/* Begin PBXNativeTarget section */
		EA8889C22C5F88F00044AC5C /* StudentbevisAppen */ = {
			isa = PBXNativeTarget;
			buildConfigurationList = EA8889D12C5F88F30044AC5C /* Build configuration list for PBXNativeTarget "StudentbevisAppen" */;
			buildPhases = (
				EA8889BF2C5F88F00044AC5C /* Sources */,
				EA8889C02C5F88F00044AC5C /* Frameworks */,
				EA8889C12C5F88F00044AC5C /* Resources */,
			);
			buildRules = (
			);
			dependencies = (
			);
			name = StudentbevisAppen;
			productName = StudentbevisAppen;
			productReference = EA8889C32C5F88F00044AC5C /* StudentbevisAppen.app */;
			productType = "com.apple.product-type.application";
		};
/* End PBXNativeTarget section */

/* Begin PBXProject section */
		EA8889BB2C5F88F00044AC5C /* Project object */ = {
			isa = PBXProject;
			attributes = {
				BuildIndependentTargetsInParallel = 1;
				LastSwiftUpdateCheck = 1500;
				LastUpgradeCheck = 1500;
				TargetAttributes = {
					EA8889C22C5F88F00044AC5C = {
						CreatedOnToolsVersion = 15.0;
					};
				};
			};
			buildConfigurationList = EA8889BE2C5F88F00044AC5C /* Build configuration list for PBXProject "StudentbevisAppen" */;
			compatibilityVersion = "Xcode 15.0";
			developmentRegion = en;
			hasScannedForEncodings = 0;
			knownRegions = (
				en,
				Base,
			);
			mainGroup = EA8889BA2C5F88F00044AC5C;
			productRefGroup = EA8889C42C5F88F00044AC5C /* Products */;
			projectDirPath = "";
			projectRoot = "";
			targets = (
				EA8889C22C5F88F00044AC5C /* StudentbevisAppen */,
			);
		};
/* End PBXProject section */

/* Begin PBXResourcesBuildPhase section */
		EA8889C12C5F88F00044AC5C /* Resources */ = {
			isa = PBXResourcesBuildPhase;
			buildActionMask = 2147483647;
			files = (
				EA8889CE2C5F88F30044AC5C /* Preview Assets.xcassets in Resources */,
				EA8889CB2C5F88F30044AC5C /* Assets.xcassets in Resources */,
			);
			runOnlyForDeploymentPostprocessing = 0;
		};
/* End PBXResourcesBuildPhase section */

/* Begin PBXSourcesBuildPhase section */
		EA8889BF2C5F88F00044AC5C /* Sources */ = {
			isa = PBXSourcesBuildPhase;
			buildActionMask = 2147483647;
			files = (
				EA8889DF2C5F8DD60044AC5C /* TermsView.swift in Sources */,
				EA8889E12C5F8E170044AC5C /* ValidIdView.swift in Sources */,
				EA8889C92C5F88F00044AC5C /* ContentView.swift in Sources */,
				EA8889DB2C5F8D8B0044AC5C /* InfoBox.swift in Sources */,
				EA8889D72C5F8D2D0044AC5C /* LoadingView.swift in Sources */,
				EA8889DD2C5F8DAA0044AC5C /* LibraryCardView.swift in Sources */,
				EA8889C72C5F88F00044AC5C /* StudentbevisAppenApp.swift in Sources */,
				EA8889D92C5F8D5B0044AC5C /* DropdownButton.swift in Sources */,
				EA8889D52C5F8CCB0044AC5C /* DropdownMenu.swift in Sources */,
			);
			runOnlyForDeploymentPostprocessing = 0;
		};
/* End PBXSourcesBuildPhase section */

/* Begin XCBuildConfiguration section */
		EA8889CF2C5F88F30044AC5C /* Debug */ = {
			isa = XCBuildConfiguration;
			buildSettings = {
				ALWAYS_SEARCH_USER_PATHS = NO;
				ASSETCATALOG_COMPILER_GENERATE_SWIFT_ASSET_SYMBOL_EXTENSIONS = YES;
				CLANG_ANALYZER_NONNULL = YES;
				CLANG_ANALYZER_NUMBER_OBJECT_CONVERSION = YES_AGGRESSIVE;
				CLANG_CXX_LANGUAGE_STANDARD = "gnu++20";
				CLANG_ENABLE_MODULES = YES;
				CLANG_ENABLE_OBJC_ARC = YES;
				CLANG_ENABLE_OBJC_WEAK = YES;
				CLANG_WARN_BLOCK_CAPTURE_AUTORELEASING = YES;
				CLANG_WARN_BOOL_CONVERSION = YES;
				CLANG_WARN_COMMA = YES;
				CLANG_WARN_CONSTANT_CONVERSION = YES;
				CLANG_WARN_DEPRECATED_OBJC_IMPLEMENTATIONS = YES;
				CLANG_WARN_DIRECT_OBJC_ISA_USAGE = YES_ERROR;
				CLANG_WARN_DOCUMENTATION_COMMENTS = YES;
				CLANG_WARN_EMPTY_BODY = YES;
				CLANG_WARN_ENUM_CONVERSION = YES;
				CLANG_WARN_INFINITE_RECURSION = YES;
				CLANG_WARN_INT_CONVERSION = YES;
				CLANG_WARN_NON_LITERAL_NULL_CONVERSION = YES;
				CLANG_WARN_OBJC_IMPLICIT_RETAIN_SELF = YES;
				CLANG_WARN_OBJC_LITERAL_CONVERSION = YES;
				CLANG_WARN_OBJC_ROOT_CLASS = YES_ERROR;
				CLANG_WARN_QUOTED_INCLUDE_IN_FRAMEWORK_HEADER = YES;
				CLANG_WARN_RANGE_LOOP_ANALYSIS = YES;
				CLANG_WARN_STRICT_PROTOTYPES = YES;
				CLANG_WARN_SUSPICIOUS_MOVE = YES;
				CLANG_WARN_UNGUARDED_AVAILABILITY = YES_AGGRESSIVE;
				CLANG_WARN_UNREACHABLE_CODE = YES;
				CLANG_WARN__DUPLICATE_METHOD_MATCH = YES;
				COPY_PHASE_STRIP = NO;
				DEBUG_INFORMATION_FORMAT = dwarf;
				ENABLE_STRICT_OBJC_MSGSEND = YES;
				ENABLE_TESTABILITY = YES;
				ENABLE_USER_SCRIPT_SANDBOXING = YES;
				GCC_C_LANGUAGE_STANDARD = gnu17;
				GCC_DYNAMIC_NO_PIC = NO;
				GCC_NO_COMMON_BLOCKS = YES;
				GCC_OPTIMIZATION_LEVEL = 0;
				GCC_PREPROCESSOR_DEFINITIONS = (
					"DEBUG=1",
					"$(inherited)",
				);
				GCC_WARN_64_TO_32_BIT_CONVERSION = YES;
				GCC_WARN_ABOUT_RETURN_TYPE = YES_ERROR;
				GCC_WARN_UNDECLARED_SELECTOR = YES;
				GCC_WARN_UNINITIALIZED_AUTOS = YES_AGGRESSIVE;
				GCC_WARN_UNUSED_FUNCTION = YES;
				GCC_WARN_UNUSED_VARIABLE = YES;
				IPHONEOS_DEPLOYMENT_TARGET = 17.0;
				LOCALIZATION_PREFERS_STRING_CATALOGS = YES;
				MTL_ENABLE_DEBUG_INFO = INCLUDE_SOURCE;
				MTL_FAST_MATH = YES;
				ONLY_ACTIVE_ARCH = YES;
				SDKROOT = iphoneos;
				SWIFT_ACTIVE_COMPILATION_CONDITIONS = "DEBUG $(inherited)";
				SWIFT_OPTIMIZATION_LEVEL = "-Onone";
			};
			name = Debug;
		};
		EA8889D02C5F88F30044AC5C /* Release */ = {
			isa = XCBuildConfiguration;
			buildSettings = {
				ALWAYS_SEARCH_USER_PATHS = NO;
				ASSETCATALOG_COMPILER_GENERATE_SWIFT_ASSET_SYMBOL_EXTENSIONS = YES;
				CLANG_ANALYZER_NONNULL = YES;
				CLANG_ANALYZER_NUMBER_OBJECT_CONVERSION = YES_AGGRESSIVE;
				CLANG_CXX_LANGUAGE_STANDARD = "gnu++20";
				CLANG_ENABLE_MODULES = YES;
				CLANG_ENABLE_OBJC_ARC = YES;
				CLANG_ENABLE_OBJC_WEAK = YES;
				CLANG_WARN_BLOCK_CAPTURE_AUTORELEASING = YES;
				CLANG_WARN_BOOL_CONVERSION = YES;
				CLANG_WARN_COMMA = YES;
				CLANG_WARN_CONSTANT_CONVERSION = YES;
				CLANG_WARN_DEPRECATED_OBJC_IMPLEMENTATIONS = YES;
				CLANG_WARN_DIRECT_OBJC_ISA_USAGE = YES_ERROR;
				CLANG_WARN_DOCUMENTATION_COMMENTS = YES;
				CLANG_WARN_EMPTY_BODY = YES;
				CLANG_WARN_ENUM_CONVERSION = YES;
				CLANG_WARN_INFINITE_RECURSION = YES;
				CLANG_WARN_INT_CONVERSION = YES;
				CLANG_WARN_NON_LITERAL_NULL_CONVERSION = YES;
				CLANG_WARN_OBJC_IMPLICIT_RETAIN_SELF = YES;
				CLANG_WARN_OBJC_LITERAL_CONVERSION = YES;
				CLANG_WARN_OBJC_ROOT_CLASS = YES_ERROR;
				CLANG_WARN_QUOTED_INCLUDE_IN_FRAMEWORK_HEADER = YES;
				CLANG_WARN_RANGE_LOOP_ANALYSIS = YES;
				CLANG_WARN_STRICT_PROTOTYPES = YES;
				CLANG_WARN_SUSPICIOUS_MOVE = YES;
				CLANG_WARN_UNGUARDED_AVAILABILITY = YES_AGGRESSIVE;
				CLANG_WARN_UNREACHABLE_CODE = YES;
				CLANG_WARN__DUPLICATE_METHOD_MATCH = YES;
				COPY_PHASE_STRIP = NO;
				DEBUG_INFORMATION_FORMAT = "dwarf-with-dsym";
				ENABLE_NS_ASSERTIONS = NO;
				ENABLE_STRICT_OBJC_MSGSEND = YES;
				ENABLE_USER_SCRIPT_SANDBOXING = YES;
				GCC_C_LANGUAGE_STANDARD = gnu17;
				GCC_NO_COMMON_BLOCKS = YES;
				GCC_WARN_64_TO_32_BIT_CONVERSION = YES;
				GCC_WARN_ABOUT_RETURN_TYPE = YES_ERROR;
				GCC_WARN_UNDECLARED_SELECTOR = YES;
				GCC_WARN_UNINITIALIZED_AUTOS = YES_AGGRESSIVE;
				GCC_WARN_UNUSED_FUNCTION = YES;
				GCC_WARN_UNUSED_VARIABLE = YES;
				IPHONEOS_DEPLOYMENT_TARGET = 17.0;
				LOCALIZATION_PREFERS_STRING_CATALOGS = YES;
				MTL_ENABLE_DEBUG_INFO = NO;
				MTL_FAST_MATH = YES;
				SDKROOT = iphoneos;
				SWIFT_COMPILATION_MODE = wholemodule;
				VALIDATE_PRODUCT = YES;
			};
			name = Release;
		};
		EA8889D22C5F88F30044AC5C /* Debug */ = {
			isa = XCBuildConfiguration;
			buildSettings = {
				ASSETCATALOG_COMPILER_APPICON_NAME = AppIcon;
				ASSETCATALOG_COMPILER_GLOBAL_ACCENT_COLOR_NAME = AccentColor;
				CODE_SIGN_STYLE = Automatic;
				CURRENT_PROJECT_VERSION = 1;
				DEVELOPMENT_ASSET_PATHS = "\"StudentbevisAppen/Preview Content\"";
				DEVELOPMENT_TEAM = 8NXV9SUU54;
				ENABLE_PREVIEWS = YES;
				GENERATE_INFOPLIST_FILE = YES;
				INFOPLIST_KEY_UIApplicationSceneManifest_Generation = YES;
				INFOPLIST_KEY_UIApplicationSupportsIndirectInputEvents = YES;
				INFOPLIST_KEY_UILaunchScreen_Generation = YES;
				INFOPLIST_KEY_UISupportedInterfaceOrientations = UIInterfaceOrientationPortrait;
				LD_RUNPATH_SEARCH_PATHS = (
					"$(inherited)",
					"@executable_path/Frameworks",
				);
				MARKETING_VERSION = 1.0;
				PRODUCT_BUNDLE_IDENTIFIER = com.Vlad.Studentbevis;
				PRODUCT_NAME = "$(TARGET_NAME)";
				SUPPORTED_PLATFORMS = "iphoneos iphonesimulator";
				SUPPORTS_MACCATALYST = NO;
				SUPPORTS_MAC_DESIGNED_FOR_IPHONE_IPAD = NO;
				SWIFT_EMIT_LOC_STRINGS = YES;
				SWIFT_VERSION = 5.0;
				TARGETED_DEVICE_FAMILY = 1;
			};
			name = Debug;
		};
		EA8889D32C5F88F30044AC5C /* Release */ = {
			isa = XCBuildConfiguration;
			buildSettings = {
				ASSETCATALOG_COMPILER_APPICON_NAME = AppIcon;
				ASSETCATALOG_COMPILER_GLOBAL_ACCENT_COLOR_NAME = AccentColor;
				CODE_SIGN_STYLE = Automatic;
				CURRENT_PROJECT_VERSION = 1;
				DEVELOPMENT_ASSET_PATHS = "\"StudentbevisAppen/Preview Content\"";
				DEVELOPMENT_TEAM = 8NXV9SUU54;
				ENABLE_PREVIEWS = YES;
				GENERATE_INFOPLIST_FILE = YES;
				INFOPLIST_KEY_UIApplicationSceneManifest_Generation = YES;
				INFOPLIST_KEY_UIApplicationSupportsIndirectInputEvents = YES;
				INFOPLIST_KEY_UILaunchScreen_Generation = YES;
				INFOPLIST_KEY_UISupportedInterfaceOrientations = UIInterfaceOrientationPortrait;
				LD_RUNPATH_SEARCH_PATHS = (
					"$(inherited)",
					"@executable_path/Frameworks",
				);
				MARKETING_VERSION = 1.0;
				PRODUCT_BUNDLE_IDENTIFIER = com.Vlad.Studentbevis;
				PRODUCT_NAME = "$(TARGET_NAME)";
				SUPPORTED_PLATFORMS = "iphoneos iphonesimulator";
				SUPPORTS_MACCATALYST = NO;
				SUPPORTS_MAC_DESIGNED_FOR_IPHONE_IPAD = NO;
				SWIFT_EMIT_LOC_STRINGS = YES;
				SWIFT_VERSION = 5.0;
				TARGETED_DEVICE_FAMILY = 1;
			};
			name = Release;
		};
/* End XCBuildConfiguration section */

/* Begin XCConfigurationList section */
		EA8889BE2C5F88F00044AC5C /* Build configuration list for PBXProject "StudentbevisAppen" */ = {
			isa = XCConfigurationList;
			buildConfigurations = (
				EA8889CF2C5F88F30044AC5C /* Debug */,
				EA8889D02C5F88F30044AC5C /* Release */,
			);
			defaultConfigurationIsVisible = 0;
			defaultConfigurationName = Release;
		};
		EA8889D12C5F88F30044AC5C /* Build configuration list for PBXNativeTarget "StudentbevisAppen" */ = {
			isa = XCConfigurationList;
			buildConfigurations = (
				EA8889D22C5F88F30044AC5C /* Debug */,
				EA8889D32C5F88F30044AC5C /* Release */,
			);
			defaultConfigurationIsVisible = 0;
			defaultConfigurationName = Release;
		};
/* End XCConfigurationList section */
	};
	rootObject = EA8889BB2C5F88F00044AC5C /* Project object */;
}
